
Microsoft Visual Studio Solution File, Format Version 12.00
# Visual Studio Version 17
VisualStudioVersion = 17.8.34511.84
MinimumVisualStudioVersion = 10.0.40219.1
Project("{FAE04EC0-301F-11D3-BF4B-00C04F79EFBC}") = "RotateRight", "RotateRight\RotateRight.csproj", "{26371F20-59F4-47D1-9EB0-3D836ACF7450}"
EndProject
Global
	GlobalSection(SolutionConfigurationPlatforms) = preSolution
		Debug|Any CPU = Debug|Any CPU
		Release|Any CPU = Release|Any CPU
	EndGlobalSection
	GlobalSection(ProjectConfigurationPlatforms) = postSolution
		{26371F20-59F4-47D1-9EB0-3D836ACF7450}.Debug|Any CPU.ActiveCfg = Debug|Any CPU
		{26371F20-59F4-47D1-9EB0-3D836ACF7450}.Debug|Any CPU.Build.0 = Debug|Any CPU
		{26371F20-59F4-47D1-9EB0-3D836ACF7450}.Release|Any CPU.ActiveCfg = Release|Any CPU
		{26371F20-59F4-47D1-9EB0-3D836ACF7450}.Release|Any CPU.Build.0 = Release|Any CPU
	EndGlobalSection
	GlobalSection(SolutionProperties) = preSolution
		HideSolutionNode = FALSE
	EndGlobalSection
	GlobalSection(ExtensibilityGlobals) = postSolution
		SolutionGuid = {4D50386F-C739-423B-B105-28D7405C2095}
	EndGlobalSection
EndGlobal
